
Microsoft Visual Studio Solution File, Format Version 12.00
# Visual Studio Version 16
VisualStudioVersion = 16.0.30002.166
MinimumVisualStudioVersion = 10.0.40219.1
Project("{FAE04EC0-301F-11D3-BF4B-00C04F79EFBC}") = "NASARData", "ClassData\NASARData.csproj", "{089AC99F-157A-444F-9985-4A6D717A3932}"
EndProject
Project("{9A19103F-16F7-4668-BE54-9A1E7A4F7556}") = "NASR2SctConsole", "TestConsoleApp\NASR2SctConsole.csproj", "{9A89D522-383B-4D38-A861-8D0A1430CDAC}"
EndProject
Project("{FAE04EC0-301F-11D3-BF4B-00C04F79EFBC}") = "NASR_GUI", "NASR_GUI\NASR_GUI.csproj", "{93EEFE04-D668-4FAD-911F-C6C8B30FAE66}"
EndProject
Global
	GlobalSection(SolutionConfigurationPlatforms) = preSolution
		Debug|Any CPU = Debug|Any CPU
		Release|Any CPU = Release|Any CPU
	EndGlobalSection
	GlobalSection(ProjectConfigurationPlatforms) = postSolution
		{089AC99F-157A-444F-9985-4A6D717A3932}.Debug|Any CPU.ActiveCfg = Debug|Any CPU
		{089AC99F-157A-444F-9985-4A6D717A3932}.Debug|Any CPU.Build.0 = Debug|Any CPU
		{089AC99F-157A-444F-9985-4A6D717A3932}.Release|Any CPU.ActiveCfg = Release|Any CPU
		{089AC99F-157A-444F-9985-4A6D717A3932}.Release|Any CPU.Build.0 = Release|Any CPU
		{9A89D522-383B-4D38-A861-8D0A1430CDAC}.Debug|Any CPU.ActiveCfg = Debug|Any CPU
		{9A89D522-383B-4D38-A861-8D0A1430CDAC}.Debug|Any CPU.Build.0 = Debug|Any CPU
		{9A89D522-383B-4D38-A861-8D0A1430CDAC}.Release|Any CPU.ActiveCfg = Release|Any CPU
		{93EEFE04-D668-4FAD-911F-C6C8B30FAE66}.Debug|Any CPU.ActiveCfg = Debug|Any CPU
		{93EEFE04-D668-4FAD-911F-C6C8B30FAE66}.Debug|Any CPU.Build.0 = Debug|Any CPU
		{93EEFE04-D668-4FAD-911F-C6C8B30FAE66}.Release|Any CPU.ActiveCfg = Release|Any CPU
		{93EEFE04-D668-4FAD-911F-C6C8B30FAE66}.Release|Any CPU.Build.0 = Release|Any CPU
	EndGlobalSection
	GlobalSection(SolutionProperties) = preSolution
		HideSolutionNode = FALSE
	EndGlobalSection
	GlobalSection(ExtensibilityGlobals) = postSolution
		SolutionGuid = {07525631-1448-49DC-85BB-E2F58E0C76A9}
	EndGlobalSection
EndGlobal
